
Microsoft Visual Studio Solution File, Format Version 12.00
# Visual Studio Version 17
VisualStudioVersion = 17.4.33213.308
MinimumVisualStudioVersion = 10.0.40219.1
Project("{2150E333-8FDC-42A3-9474-1A3956D46DE8}") = "gRPC", "gRPC", "{C56E9206-B56F-4F71-9804-08B060603CA2}"
EndProject
Project("{2150E333-8FDC-42A3-9474-1A3956D46DE8}") = "Test", "Test", "{21F57C53-E0C2-4C6B-B72F-F41CBA2B9786}"
EndProject
Project("{2150E333-8FDC-42A3-9474-1A3956D46DE8}") = "02. Server", "02. Server", "{7939FA51-103A-44C5-9BD8-B9B211D381D7}"
EndProject
Project("{2150E333-8FDC-42A3-9474-1A3956D46DE8}") = "03. Client", "03. Client", "{18EC5AA6-42BA-496D-8921-4994FAB1E6E8}"
EndProject
Project("{2150E333-8FDC-42A3-9474-1A3956D46DE8}") = "Core", "Core", "{4FF7F91E-13DE-4CBF-97BF-8FFD853BCD0B}"
EndProject
Project("{9A19103F-16F7-4668-BE54-9A1E7A4F7556}") = "Eum.Core.Shared", "Eum.Core.Infrastructure\Eum.Core.Shared.csproj", "{CA063F02-2B37-43B7-A36C-871ECAE8FED4}"
EndProject
Project("{9A19103F-16F7-4668-BE54-9A1E7A4F7556}") = "Eum.Core", "Eum.Core.Model\Eum.Core.csproj", "{1B35FF5C-CCB8-45B3-A4AB-7BE42BC51505}"
EndProject
Project("{9A19103F-16F7-4668-BE54-9A1E7A4F7556}") = "Eum.gRPC.Server.Mail", "Eum.gRPC.Server.Mail\Eum.gRPC.Server.Mail.csproj", "{68F1743E-9B32-48FF-B2D4-C3C34F4FFCCD}"
EndProject
Project("{9A19103F-16F7-4668-BE54-9A1E7A4F7556}") = "Eum.gRPC.Server.Portal", "Eum.gRPC.Server.Portal\Eum.gRPC.Server.Portal.csproj", "{7D1A6723-D654-4870-B8A0-7315D5F93788}"
EndProject
Project("{9A19103F-16F7-4668-BE54-9A1E7A4F7556}") = "gRPC.Test.Client", "gRPC.Test.Client\gRPC.Test.Client.csproj", "{8556A2C2-9F8F-4FC4-A030-2744E23D903E}"
EndProject
Project("{9A19103F-16F7-4668-BE54-9A1E7A4F7556}") = "Eum.gRPC.Server.Common", "Eum.gRPC.Server.Common\Eum.gRPC.Server.Common.csproj", "{09DC8931-C459-4F8F-A82B-25F2AC92D79E}"
EndProject
Project("{2150E333-8FDC-42A3-9474-1A3956D46DE8}") = "01. gRPC.Core", "01. gRPC.Core", "{D2B637B1-6522-417B-8613-725CF5C73A53}"
EndProject
Project("{9A19103F-16F7-4668-BE54-9A1E7A4F7556}") = "Eum.gRPC.Shared", "Eum.gRPC.Core.Infrastructure\Eum.gRPC.Shared.csproj", "{221DB3BF-8324-412E-8FCE-B12A1FEF3FB9}"
EndProject
Project("{9A19103F-16F7-4668-BE54-9A1E7A4F7556}") = "Eum.gRPC.Core", "Eum.gRPC.Common\Eum.gRPC.Core.csproj", "{912BEFC1-5412-486A-B654-1E9E63DB1F75}"
EndProject
Project("{9A19103F-16F7-4668-BE54-9A1E7A4F7556}") = "Eum.gRPC.Infrastructure", "Eum.gRPC.Infrastructure\Eum.gRPC.Infrastructure.csproj", "{980126D1-9629-49B7-B2B7-074504E19695}"
EndProject
Project("{FAE04EC0-301F-11D3-BF4B-00C04F79EFBC}") = "Eum.gRPC.Server.ServiceDesk", "Eum.gRPC.Server.ServiceDesk\Eum.gRPC.Server.ServiceDesk.csproj", "{91B3F15A-FA91-488A-9078-6E4865E64D2B}"
EndProject
Project("{FAE04EC0-301F-11D3-BF4B-00C04F79EFBC}") = "Eum.Extensions.Logging", "Eum.Extensions.Logging\Eum.Extensions.Logging.csproj", "{53E35DB1-A3FF-4EF2-A00A-868127DE15DF}"
EndProject
Global
	GlobalSection(SolutionConfigurationPlatforms) = preSolution
		Debug|Any CPU = Debug|Any CPU
		Release|Any CPU = Release|Any CPU
	EndGlobalSection
	GlobalSection(ProjectConfigurationPlatforms) = postSolution
		{CA063F02-2B37-43B7-A36C-871ECAE8FED4}.Debug|Any CPU.ActiveCfg = Debug|Any CPU
		{CA063F02-2B37-43B7-A36C-871ECAE8FED4}.Debug|Any CPU.Build.0 = Debug|Any CPU
		{CA063F02-2B37-43B7-A36C-871ECAE8FED4}.Release|Any CPU.ActiveCfg = Release|Any CPU
		{CA063F02-2B37-43B7-A36C-871ECAE8FED4}.Release|Any CPU.Build.0 = Release|Any CPU
		{1B35FF5C-CCB8-45B3-A4AB-7BE42BC51505}.Debug|Any CPU.ActiveCfg = Debug|Any CPU
		{1B35FF5C-CCB8-45B3-A4AB-7BE42BC51505}.Debug|Any CPU.Build.0 = Debug|Any CPU
		{1B35FF5C-CCB8-45B3-A4AB-7BE42BC51505}.Release|Any CPU.ActiveCfg = Release|Any CPU
		{1B35FF5C-CCB8-45B3-A4AB-7BE42BC51505}.Release|Any CPU.Build.0 = Release|Any CPU
		{68F1743E-9B32-48FF-B2D4-C3C34F4FFCCD}.Debug|Any CPU.ActiveCfg = Debug|Any CPU
		{68F1743E-9B32-48FF-B2D4-C3C34F4FFCCD}.Debug|Any CPU.Build.0 = Debug|Any CPU
		{68F1743E-9B32-48FF-B2D4-C3C34F4FFCCD}.Release|Any CPU.ActiveCfg = Release|Any CPU
		{68F1743E-9B32-48FF-B2D4-C3C34F4FFCCD}.Release|Any CPU.Build.0 = Release|Any CPU
		{7D1A6723-D654-4870-B8A0-7315D5F93788}.Debug|Any CPU.ActiveCfg = Debug|Any CPU
		{7D1A6723-D654-4870-B8A0-7315D5F93788}.Debug|Any CPU.Build.0 = Debug|Any CPU
		{7D1A6723-D654-4870-B8A0-7315D5F93788}.Release|Any CPU.ActiveCfg = Release|Any CPU
		{7D1A6723-D654-4870-B8A0-7315D5F93788}.Release|Any CPU.Build.0 = Release|Any CPU
		{8556A2C2-9F8F-4FC4-A030-2744E23D903E}.Debug|Any CPU.ActiveCfg = Debug|Any CPU
		{8556A2C2-9F8F-4FC4-A030-2744E23D903E}.Debug|Any CPU.Build.0 = Debug|Any CPU
		{8556A2C2-9F8F-4FC4-A030-2744E23D903E}.Release|Any CPU.ActiveCfg = Release|Any CPU
		{8556A2C2-9F8F-4FC4-A030-2744E23D903E}.Release|Any CPU.Build.0 = Release|Any CPU
		{09DC8931-C459-4F8F-A82B-25F2AC92D79E}.Debug|Any CPU.ActiveCfg = Debug|Any CPU
		{09DC8931-C459-4F8F-A82B-25F2AC92D79E}.Debug|Any CPU.Build.0 = Debug|Any CPU
		{09DC8931-C459-4F8F-A82B-25F2AC92D79E}.Release|Any CPU.ActiveCfg = Release|Any CPU
		{09DC8931-C459-4F8F-A82B-25F2AC92D79E}.Release|Any CPU.Build.0 = Release|Any CPU
		{221DB3BF-8324-412E-8FCE-B12A1FEF3FB9}.Debug|Any CPU.ActiveCfg = Debug|Any CPU
		{221DB3BF-8324-412E-8FCE-B12A1FEF3FB9}.Debug|Any CPU.Build.0 = Debug|Any CPU
		{221DB3BF-8324-412E-8FCE-B12A1FEF3FB9}.Release|Any CPU.ActiveCfg = Release|Any CPU
		{221DB3BF-8324-412E-8FCE-B12A1FEF3FB9}.Release|Any CPU.Build.0 = Release|Any CPU
		{912BEFC1-5412-486A-B654-1E9E63DB1F75}.Debug|Any CPU.ActiveCfg = Debug|Any CPU
		{912BEFC1-5412-486A-B654-1E9E63DB1F75}.Debug|Any CPU.Build.0 = Debug|Any CPU
		{912BEFC1-5412-486A-B654-1E9E63DB1F75}.Release|Any CPU.ActiveCfg = Release|Any CPU
		{912BEFC1-5412-486A-B654-1E9E63DB1F75}.Release|Any CPU.Build.0 = Release|Any CPU
		{980126D1-9629-49B7-B2B7-074504E19695}.Debug|Any CPU.ActiveCfg = Debug|Any CPU
		{980126D1-9629-49B7-B2B7-074504E19695}.Debug|Any CPU.Build.0 = Debug|Any CPU
		{980126D1-9629-49B7-B2B7-074504E19695}.Release|Any CPU.ActiveCfg = Release|Any CPU
		{980126D1-9629-49B7-B2B7-074504E19695}.Release|Any CPU.Build.0 = Release|Any CPU
		{91B3F15A-FA91-488A-9078-6E4865E64D2B}.Debug|Any CPU.ActiveCfg = Debug|Any CPU
		{91B3F15A-FA91-488A-9078-6E4865E64D2B}.Debug|Any CPU.Build.0 = Debug|Any CPU
		{91B3F15A-FA91-488A-9078-6E4865E64D2B}.Release|Any CPU.ActiveCfg = Release|Any CPU
		{91B3F15A-FA91-488A-9078-6E4865E64D2B}.Release|Any CPU.Build.0 = Release|Any CPU
		{53E35DB1-A3FF-4EF2-A00A-868127DE15DF}.Debug|Any CPU.ActiveCfg = Debug|Any CPU
		{53E35DB1-A3FF-4EF2-A00A-868127DE15DF}.Debug|Any CPU.Build.0 = Debug|Any CPU
		{53E35DB1-A3FF-4EF2-A00A-868127DE15DF}.Release|Any CPU.ActiveCfg = Release|Any CPU
		{53E35DB1-A3FF-4EF2-A00A-868127DE15DF}.Release|Any CPU.Build.0 = Release|Any CPU
	EndGlobalSection
	GlobalSection(SolutionProperties) = preSolution
		HideSolutionNode = FALSE
	EndGlobalSection
	GlobalSection(NestedProjects) = preSolution
		{7939FA51-103A-44C5-9BD8-B9B211D381D7} = {C56E9206-B56F-4F71-9804-08B060603CA2}
		{18EC5AA6-42BA-496D-8921-4994FAB1E6E8} = {C56E9206-B56F-4F71-9804-08B060603CA2}
		{CA063F02-2B37-43B7-A36C-871ECAE8FED4} = {4FF7F91E-13DE-4CBF-97BF-8FFD853BCD0B}
		{1B35FF5C-CCB8-45B3-A4AB-7BE42BC51505} = {4FF7F91E-13DE-4CBF-97BF-8FFD853BCD0B}
		{68F1743E-9B32-48FF-B2D4-C3C34F4FFCCD} = {7939FA51-103A-44C5-9BD8-B9B211D381D7}
		{7D1A6723-D654-4870-B8A0-7315D5F93788} = {7939FA51-103A-44C5-9BD8-B9B211D381D7}
		{8556A2C2-9F8F-4FC4-A030-2744E23D903E} = {21F57C53-E0C2-4C6B-B72F-F41CBA2B9786}
		{09DC8931-C459-4F8F-A82B-25F2AC92D79E} = {7939FA51-103A-44C5-9BD8-B9B211D381D7}
		{D2B637B1-6522-417B-8613-725CF5C73A53} = {C56E9206-B56F-4F71-9804-08B060603CA2}
		{221DB3BF-8324-412E-8FCE-B12A1FEF3FB9} = {D2B637B1-6522-417B-8613-725CF5C73A53}
		{912BEFC1-5412-486A-B654-1E9E63DB1F75} = {D2B637B1-6522-417B-8613-725CF5C73A53}
		{980126D1-9629-49B7-B2B7-074504E19695} = {D2B637B1-6522-417B-8613-725CF5C73A53}
		{91B3F15A-FA91-488A-9078-6E4865E64D2B} = {7939FA51-103A-44C5-9BD8-B9B211D381D7}
		{53E35DB1-A3FF-4EF2-A00A-868127DE15DF} = {4FF7F91E-13DE-4CBF-97BF-8FFD853BCD0B}
	EndGlobalSection
	GlobalSection(ExtensibilityGlobals) = postSolution
		SolutionGuid = {97C9EB42-A323-42B4-9090-869D14180548}
	EndGlobalSection
EndGlobal
