
Microsoft Visual Studio Solution File, Format Version 12.00
# Visual Studio Version 17
VisualStudioVersion = 17.4.33213.308
MinimumVisualStudioVersion = 10.0.40219.1
Project("{2150E333-8FDC-42A3-9474-1A3956D46DE8}") = "gRPC", "gRPC", "{C56E9206-B56F-4F71-9804-08B060603CA2}"
EndProject
Project("{2150E333-8FDC-42A3-9474-1A3956D46DE8}") = "Test", "Test", "{21F57C53-E0C2-4C6B-B72F-F41CBA2B9786}"
EndProject
Project("{2150E333-8FDC-42A3-9474-1A3956D46DE8}") = "02. Server", "02. Server", "{7939FA51-103A-44C5-9BD8-B9B211D381D7}"
EndProject
Project("{2150E333-8FDC-42A3-9474-1A3956D46DE8}") = "03. Client", "03. Client", "{18EC5AA6-42BA-496D-8921-4994FAB1E6E8}"
EndProject
Project("{2150E333-8FDC-42A3-9474-1A3956D46DE8}") = "Core", "Core", "{4FF7F91E-13DE-4CBF-97BF-8FFD853BCD0B}"
EndProject
Project("{9A19103F-16F7-4668-BE54-9A1E7A4F7556}") = "Eum.Core", "Eum.Core.Model\Eum.Core.csproj", "{1B35FF5C-CCB8-45B3-A4AB-7BE42BC51505}"
EndProject
Project("{9A19103F-16F7-4668-BE54-9A1E7A4F7556}") = "Eum.gRPC.Server.Mail", "Eum.gRPC.Server.Mail\Eum.gRPC.Server.Mail.csproj", "{68F1743E-9B32-48FF-B2D4-C3C34F4FFCCD}"
EndProject
Project("{9A19103F-16F7-4668-BE54-9A1E7A4F7556}") = "Eum.gRPC.Server.Portal", "Eum.gRPC.Server.Portal\Eum.gRPC.Server.Portal.csproj", "{7D1A6723-D654-4870-B8A0-7315D5F93788}"
EndProject
Project("{9A19103F-16F7-4668-BE54-9A1E7A4F7556}") = "gRPC.Test.Client", "gRPC.Test.Client\gRPC.Test.Client.csproj", "{8556A2C2-9F8F-4FC4-A030-2744E23D903E}"
EndProject
Project("{9A19103F-16F7-4668-BE54-9A1E7A4F7556}") = "Eum.gRPC.Server.Common", "Eum.gRPC.Server.Common\Eum.gRPC.Server.Common.csproj", "{09DC8931-C459-4F8F-A82B-25F2AC92D79E}"
EndProject
Project("{2150E333-8FDC-42A3-9474-1A3956D46DE8}") = "01. gRPC.Core", "01. gRPC.Core", "{D2B637B1-6522-417B-8613-725CF5C73A53}"
EndProject
Project("{9A19103F-16F7-4668-BE54-9A1E7A4F7556}") = "Eum.gRPC.Shared", "Eum.gRPC.Core.Infrastructure\Eum.gRPC.Shared.csproj", "{221DB3BF-8324-412E-8FCE-B12A1FEF3FB9}"
EndProject
Project("{9A19103F-16F7-4668-BE54-9A1E7A4F7556}") = "Eum.gRPC.Core", "Eum.gRPC.Common\Eum.gRPC.Core.csproj", "{912BEFC1-5412-486A-B654-1E9E63DB1F75}"
EndProject
Project("{9A19103F-16F7-4668-BE54-9A1E7A4F7556}") = "Eum.gRPC.Infrastructure", "Eum.gRPC.Infrastructure\Eum.gRPC.Infrastructure.csproj", "{980126D1-9629-49B7-B2B7-074504E19695}"
EndProject
Project("{9A19103F-16F7-4668-BE54-9A1E7A4F7556}") = "Eum.gRPC.Server.ServiceDesk", "Eum.gRPC.Server.ServiceDesk\Eum.gRPC.Server.ServiceDesk.csproj", "{91B3F15A-FA91-488A-9078-6E4865E64D2B}"
EndProject
Project("{9A19103F-16F7-4668-BE54-9A1E7A4F7556}") = "Eum.Extensions.Logging", "Eum.Extensions.Logging\Eum.Extensions.Logging.csproj", "{53E35DB1-A3FF-4EF2-A00A-868127DE15DF}"
EndProject
Project("{9A19103F-16F7-4668-BE54-9A1E7A4F7556}") = "Eum.ServiceClient", "Eum.ServiceClient\Eum.ServiceClient.csproj", "{FD299613-4ED2-4821-AB60-DCCA18126C5B}"
EndProject
Project("{9A19103F-16F7-4668-BE54-9A1E7A4F7556}") = "Eum.gRPC.Server.Auth", "Eum.gRPC.Server.Auth\Eum.gRPC.Server.Auth.csproj", "{0A9F877E-F48D-42E9-B21F-8C914A4AD2EC}"
EndProject
Project("{2150E333-8FDC-42A3-9474-1A3956D46DE8}") = "Modules", "Modules", "{BBF785B0-742B-4229-B19F-D5E050CC3A0F}"
EndProject
Project("{2150E333-8FDC-42A3-9474-1A3956D46DE8}") = "01. Common", "01. Common", "{40560675-8906-489A-A50C-5F16976648D6}"
EndProject
Project("{2150E333-8FDC-42A3-9474-1A3956D46DE8}") = "02. Portal", "02. Portal", "{D2EF40EC-0E39-47B2-8B0D-77B68E1A1F35}"
EndProject
Project("{2150E333-8FDC-42A3-9474-1A3956D46DE8}") = "03. Mail", "03. Mail", "{35AE39F9-D762-49E7-88E8-C4C263D494FE}"
EndProject
Project("{2150E333-8FDC-42A3-9474-1A3956D46DE8}") = "04. Workflow", "04. Workflow", "{F791EE3B-B56C-46C6-B0AC-2C5FF489B3A0}"
EndProject
Project("{9A19103F-16F7-4668-BE54-9A1E7A4F7556}") = "Eum.Common.Core", "Eum.Common.Core\Eum.Common.Core.csproj", "{E2AA088E-C40D-4B0B-883A-8BC69DF2F161}"
EndProject
Project("{9A19103F-16F7-4668-BE54-9A1E7A4F7556}") = "Eum.Common.Infrastructure", "Eum.Common.Infrastructure\Eum.Common.Infrastructure.csproj", "{1C2FFC3F-2D46-459F-B470-2F37948B4878}"
EndProject
Project("{9A19103F-16F7-4668-BE54-9A1E7A4F7556}") = "Eum.Common.Shared", "Eum.Common.Shared\Eum.Common.Shared.csproj", "{DA8CABE6-5BE8-4DD8-AFD5-9AD482457D14}"
EndProject
Project("{9A19103F-16F7-4668-BE54-9A1E7A4F7556}") = "Eum.Core.Shared", "Eum.Core.Shared\Eum.Core.Shared.csproj", "{B121728B-4BE9-4EBE-A86A-54755480EBDE}"
EndProject
Global
	GlobalSection(SolutionConfigurationPlatforms) = preSolution
		Debug|Any CPU = Debug|Any CPU
		Release|Any CPU = Release|Any CPU
	EndGlobalSection
	GlobalSection(ProjectConfigurationPlatforms) = postSolution
		{1B35FF5C-CCB8-45B3-A4AB-7BE42BC51505}.Debug|Any CPU.ActiveCfg = Debug|Any CPU
		{1B35FF5C-CCB8-45B3-A4AB-7BE42BC51505}.Debug|Any CPU.Build.0 = Debug|Any CPU
		{1B35FF5C-CCB8-45B3-A4AB-7BE42BC51505}.Release|Any CPU.ActiveCfg = Release|Any CPU
		{1B35FF5C-CCB8-45B3-A4AB-7BE42BC51505}.Release|Any CPU.Build.0 = Release|Any CPU
		{68F1743E-9B32-48FF-B2D4-C3C34F4FFCCD}.Debug|Any CPU.ActiveCfg = Debug|Any CPU
		{68F1743E-9B32-48FF-B2D4-C3C34F4FFCCD}.Debug|Any CPU.Build.0 = Debug|Any CPU
		{68F1743E-9B32-48FF-B2D4-C3C34F4FFCCD}.Release|Any CPU.ActiveCfg = Release|Any CPU
		{68F1743E-9B32-48FF-B2D4-C3C34F4FFCCD}.Release|Any CPU.Build.0 = Release|Any CPU
		{7D1A6723-D654-4870-B8A0-7315D5F93788}.Debug|Any CPU.ActiveCfg = Debug|Any CPU
		{7D1A6723-D654-4870-B8A0-7315D5F93788}.Debug|Any CPU.Build.0 = Debug|Any CPU
		{7D1A6723-D654-4870-B8A0-7315D5F93788}.Release|Any CPU.ActiveCfg = Release|Any CPU
		{7D1A6723-D654-4870-B8A0-7315D5F93788}.Release|Any CPU.Build.0 = Release|Any CPU
		{8556A2C2-9F8F-4FC4-A030-2744E23D903E}.Debug|Any CPU.ActiveCfg = Debug|Any CPU
		{8556A2C2-9F8F-4FC4-A030-2744E23D903E}.Debug|Any CPU.Build.0 = Debug|Any CPU
		{8556A2C2-9F8F-4FC4-A030-2744E23D903E}.Release|Any CPU.ActiveCfg = Release|Any CPU
		{8556A2C2-9F8F-4FC4-A030-2744E23D903E}.Release|Any CPU.Build.0 = Release|Any CPU
		{09DC8931-C459-4F8F-A82B-25F2AC92D79E}.Debug|Any CPU.ActiveCfg = Debug|Any CPU
		{09DC8931-C459-4F8F-A82B-25F2AC92D79E}.Debug|Any CPU.Build.0 = Debug|Any CPU
		{09DC8931-C459-4F8F-A82B-25F2AC92D79E}.Release|Any CPU.ActiveCfg = Release|Any CPU
		{09DC8931-C459-4F8F-A82B-25F2AC92D79E}.Release|Any CPU.Build.0 = Release|Any CPU
		{221DB3BF-8324-412E-8FCE-B12A1FEF3FB9}.Debug|Any CPU.ActiveCfg = Debug|Any CPU
		{221DB3BF-8324-412E-8FCE-B12A1FEF3FB9}.Debug|Any CPU.Build.0 = Debug|Any CPU
		{221DB3BF-8324-412E-8FCE-B12A1FEF3FB9}.Release|Any CPU.ActiveCfg = Release|Any CPU
		{221DB3BF-8324-412E-8FCE-B12A1FEF3FB9}.Release|Any CPU.Build.0 = Release|Any CPU
		{912BEFC1-5412-486A-B654-1E9E63DB1F75}.Debug|Any CPU.ActiveCfg = Debug|Any CPU
		{912BEFC1-5412-486A-B654-1E9E63DB1F75}.Debug|Any CPU.Build.0 = Debug|Any CPU
		{912BEFC1-5412-486A-B654-1E9E63DB1F75}.Release|Any CPU.ActiveCfg = Release|Any CPU
		{912BEFC1-5412-486A-B654-1E9E63DB1F75}.Release|Any CPU.Build.0 = Release|Any CPU
		{980126D1-9629-49B7-B2B7-074504E19695}.Debug|Any CPU.ActiveCfg = Debug|Any CPU
		{980126D1-9629-49B7-B2B7-074504E19695}.Debug|Any CPU.Build.0 = Debug|Any CPU
		{980126D1-9629-49B7-B2B7-074504E19695}.Release|Any CPU.ActiveCfg = Release|Any CPU
		{980126D1-9629-49B7-B2B7-074504E19695}.Release|Any CPU.Build.0 = Release|Any CPU
		{91B3F15A-FA91-488A-9078-6E4865E64D2B}.Debug|Any CPU.ActiveCfg = Debug|Any CPU
		{91B3F15A-FA91-488A-9078-6E4865E64D2B}.Debug|Any CPU.Build.0 = Debug|Any CPU
		{91B3F15A-FA91-488A-9078-6E4865E64D2B}.Release|Any CPU.ActiveCfg = Release|Any CPU
		{91B3F15A-FA91-488A-9078-6E4865E64D2B}.Release|Any CPU.Build.0 = Release|Any CPU
		{53E35DB1-A3FF-4EF2-A00A-868127DE15DF}.Debug|Any CPU.ActiveCfg = Debug|Any CPU
		{53E35DB1-A3FF-4EF2-A00A-868127DE15DF}.Debug|Any CPU.Build.0 = Debug|Any CPU
		{53E35DB1-A3FF-4EF2-A00A-868127DE15DF}.Release|Any CPU.ActiveCfg = Release|Any CPU
		{53E35DB1-A3FF-4EF2-A00A-868127DE15DF}.Release|Any CPU.Build.0 = Release|Any CPU
		{FD299613-4ED2-4821-AB60-DCCA18126C5B}.Debug|Any CPU.ActiveCfg = Debug|Any CPU
		{FD299613-4ED2-4821-AB60-DCCA18126C5B}.Debug|Any CPU.Build.0 = Debug|Any CPU
		{FD299613-4ED2-4821-AB60-DCCA18126C5B}.Release|Any CPU.ActiveCfg = Release|Any CPU
		{FD299613-4ED2-4821-AB60-DCCA18126C5B}.Release|Any CPU.Build.0 = Release|Any CPU
		{0A9F877E-F48D-42E9-B21F-8C914A4AD2EC}.Debug|Any CPU.ActiveCfg = Debug|Any CPU
		{0A9F877E-F48D-42E9-B21F-8C914A4AD2EC}.Debug|Any CPU.Build.0 = Debug|Any CPU
		{0A9F877E-F48D-42E9-B21F-8C914A4AD2EC}.Release|Any CPU.ActiveCfg = Release|Any CPU
		{0A9F877E-F48D-42E9-B21F-8C914A4AD2EC}.Release|Any CPU.Build.0 = Release|Any CPU
		{E2AA088E-C40D-4B0B-883A-8BC69DF2F161}.Debug|Any CPU.ActiveCfg = Debug|Any CPU
		{E2AA088E-C40D-4B0B-883A-8BC69DF2F161}.Debug|Any CPU.Build.0 = Debug|Any CPU
		{E2AA088E-C40D-4B0B-883A-8BC69DF2F161}.Release|Any CPU.ActiveCfg = Release|Any CPU
		{E2AA088E-C40D-4B0B-883A-8BC69DF2F161}.Release|Any CPU.Build.0 = Release|Any CPU
		{1C2FFC3F-2D46-459F-B470-2F37948B4878}.Debug|Any CPU.ActiveCfg = Debug|Any CPU
		{1C2FFC3F-2D46-459F-B470-2F37948B4878}.Debug|Any CPU.Build.0 = Debug|Any CPU
		{1C2FFC3F-2D46-459F-B470-2F37948B4878}.Release|Any CPU.ActiveCfg = Release|Any CPU
		{1C2FFC3F-2D46-459F-B470-2F37948B4878}.Release|Any CPU.Build.0 = Release|Any CPU
		{DA8CABE6-5BE8-4DD8-AFD5-9AD482457D14}.Debug|Any CPU.ActiveCfg = Debug|Any CPU
		{DA8CABE6-5BE8-4DD8-AFD5-9AD482457D14}.Debug|Any CPU.Build.0 = Debug|Any CPU
		{DA8CABE6-5BE8-4DD8-AFD5-9AD482457D14}.Release|Any CPU.ActiveCfg = Release|Any CPU
		{DA8CABE6-5BE8-4DD8-AFD5-9AD482457D14}.Release|Any CPU.Build.0 = Release|Any CPU
		{B121728B-4BE9-4EBE-A86A-54755480EBDE}.Debug|Any CPU.ActiveCfg = Debug|Any CPU
		{B121728B-4BE9-4EBE-A86A-54755480EBDE}.Debug|Any CPU.Build.0 = Debug|Any CPU
		{B121728B-4BE9-4EBE-A86A-54755480EBDE}.Release|Any CPU.ActiveCfg = Release|Any CPU
		{B121728B-4BE9-4EBE-A86A-54755480EBDE}.Release|Any CPU.Build.0 = Release|Any CPU
	EndGlobalSection
	GlobalSection(SolutionProperties) = preSolution
		HideSolutionNode = FALSE
	EndGlobalSection
	GlobalSection(NestedProjects) = preSolution
		{7939FA51-103A-44C5-9BD8-B9B211D381D7} = {C56E9206-B56F-4F71-9804-08B060603CA2}
		{18EC5AA6-42BA-496D-8921-4994FAB1E6E8} = {C56E9206-B56F-4F71-9804-08B060603CA2}
		{1B35FF5C-CCB8-45B3-A4AB-7BE42BC51505} = {4FF7F91E-13DE-4CBF-97BF-8FFD853BCD0B}
		{68F1743E-9B32-48FF-B2D4-C3C34F4FFCCD} = {7939FA51-103A-44C5-9BD8-B9B211D381D7}
		{7D1A6723-D654-4870-B8A0-7315D5F93788} = {7939FA51-103A-44C5-9BD8-B9B211D381D7}
		{8556A2C2-9F8F-4FC4-A030-2744E23D903E} = {21F57C53-E0C2-4C6B-B72F-F41CBA2B9786}
		{09DC8931-C459-4F8F-A82B-25F2AC92D79E} = {7939FA51-103A-44C5-9BD8-B9B211D381D7}
		{D2B637B1-6522-417B-8613-725CF5C73A53} = {C56E9206-B56F-4F71-9804-08B060603CA2}
		{221DB3BF-8324-412E-8FCE-B12A1FEF3FB9} = {D2B637B1-6522-417B-8613-725CF5C73A53}
		{912BEFC1-5412-486A-B654-1E9E63DB1F75} = {D2B637B1-6522-417B-8613-725CF5C73A53}
		{980126D1-9629-49B7-B2B7-074504E19695} = {D2B637B1-6522-417B-8613-725CF5C73A53}
		{91B3F15A-FA91-488A-9078-6E4865E64D2B} = {7939FA51-103A-44C5-9BD8-B9B211D381D7}
		{53E35DB1-A3FF-4EF2-A00A-868127DE15DF} = {4FF7F91E-13DE-4CBF-97BF-8FFD853BCD0B}
		{FD299613-4ED2-4821-AB60-DCCA18126C5B} = {4FF7F91E-13DE-4CBF-97BF-8FFD853BCD0B}
		{0A9F877E-F48D-42E9-B21F-8C914A4AD2EC} = {7939FA51-103A-44C5-9BD8-B9B211D381D7}
		{40560675-8906-489A-A50C-5F16976648D6} = {BBF785B0-742B-4229-B19F-D5E050CC3A0F}
		{D2EF40EC-0E39-47B2-8B0D-77B68E1A1F35} = {BBF785B0-742B-4229-B19F-D5E050CC3A0F}
		{35AE39F9-D762-49E7-88E8-C4C263D494FE} = {BBF785B0-742B-4229-B19F-D5E050CC3A0F}
		{F791EE3B-B56C-46C6-B0AC-2C5FF489B3A0} = {BBF785B0-742B-4229-B19F-D5E050CC3A0F}
		{E2AA088E-C40D-4B0B-883A-8BC69DF2F161} = {40560675-8906-489A-A50C-5F16976648D6}
		{1C2FFC3F-2D46-459F-B470-2F37948B4878} = {40560675-8906-489A-A50C-5F16976648D6}
		{DA8CABE6-5BE8-4DD8-AFD5-9AD482457D14} = {40560675-8906-489A-A50C-5F16976648D6}
		{B121728B-4BE9-4EBE-A86A-54755480EBDE} = {4FF7F91E-13DE-4CBF-97BF-8FFD853BCD0B}
	EndGlobalSection
	GlobalSection(ExtensibilityGlobals) = postSolution
		SolutionGuid = {97C9EB42-A323-42B4-9090-869D14180548}
	EndGlobalSection
EndGlobal
